{
  "nodes": {
    "flake-parts": {
      "inputs": {
        "nixpkgs-lib": [
          "nur",
          "nixpkgs"
        ]
      },
      "locked": {
        "lastModified": 1733312601,
        "narHash": "sha256-4pDvzqnegAfRkPwO3wmwBhVi/Sye1mzps0zHWYnP88c=",
        "owner": "hercules-ci",
        "repo": "flake-parts",
        "rev": "205b12d8b7cd4802fbcb8e8ef6a0f1408781a4f9",
        "type": "github"
      },
      "original": {
        "owner": "hercules-ci",
        "repo": "flake-parts",
        "type": "github"
      }
    },
    "home-manager": {
      "inputs": {
        "nixpkgs": [
          "nixpkgs"
        ]
      },
      "locked": {
        "lastModified": 1766881808,
        "narHash": "sha256-JR7A2xS3EBPWFeONzhqez5vp7nKEsp7eLj2Ks210Srk=",
        "owner": "nix-community",
        "repo": "home-manager",
        "rev": "d2e0458d6531885600b346e161c38790dc356fa8",
        "type": "github"
      },
      "original": {
        "owner": "nix-community",
        "repo": "home-manager",
        "type": "github"
      }
    },
    "nixpkgs": {
      "locked": {
        "lastModified": 1766651565,
        "narHash": "sha256-QEhk0eXgyIqTpJ/ehZKg9IKS7EtlWxF3N7DXy42zPfU=",
        "owner": "NixOS",
        "repo": "nixpkgs",
        "rev": "3e2499d5539c16d0d173ba53552a4ff8547f4539",
        "type": "github"
      },
      "original": {
        "owner": "NixOS",
        "ref": "nixos-unstable",
        "repo": "nixpkgs",
        "type": "github"
      }
    },
    "nur": {
      "inputs": {
        "flake-parts": "flake-parts",
        "nixpkgs": [
          "nixpkgs"
        ]
      },
      "locked": {
        "lastModified": 1766926985,
        "narHash": "sha256-f3mg3tCXpmGftpdwEhIrdXHhN3eoWOC/q3KN3WzrpgY=",
        "owner": "nix-community",
        "repo": "NUR",
        "rev": "ebaf06ca8855d5d3a655a7f7b5cbb1f55f6a8971",
        "type": "github"
      },
      "original": {
        "owner": "nix-community",
        "repo": "NUR",
        "type": "github"
      }
    },
    "plasma-manager": {
      "inputs": {
        "home-manager": [
          "home-manager"
        ],
        "nixpkgs": [
          "nixpkgs"
        ]
      },
      "locked": {
        "lastModified": 1763909441,
        "narHash": "sha256-56LwV51TX/FhgX+5LCG6akQ5KrOWuKgcJa+eUsRMxsc=",
        "owner": "nix-community",
        "repo": "plasma-manager",
        "rev": "b24ed4b272256dfc1cc2291f89a9821d5f9e14b4",
        "type": "github"
      },
      "original": {
        "owner": "nix-community",
        "repo": "plasma-manager",
        "type": "github"
      }
    },
    "root": {
      "inputs": {
        "home-manager": "home-manager",
        "nixpkgs": "nixpkgs",
        "nur": "nur",
        "plasma-manager": "plasma-manager",
        "twintail": "twintail"
      }
    },
    "twintail": {
      "inputs": {
        "nixpkgs": [
          "nixpkgs"
        ]
      },
      "locked": {
        "path": "./flakes/twintail",
        "type": "path"
      },
      "original": {
        "path": "./flakes/twintail",
        "type": "path"
      },
      "parent": []
    }
  },
  "root": "root",
  "version": 7
}
